<?xml version="1.0" encoding="utf-8"?>
<Project ToolsVersion="4.0" xmlns="http://schemas.microsoft.com/developer/msbuild/2003">
  <ItemGroup>
    <Filter Include="Source Files">
      <UniqueIdentifier>{4FC737F1-C7A5-4376-A066-2A32D752A2FF}</UniqueIdentifier>
      <Extensions>cpp;c;cc;cxx;c++;cppm;ixx;def;odl;idl;hpj;bat;asm;asmx</Extensions>
    </Filter>
    <Filter Include="Header Files">
      <UniqueIdentifier>{93995380-89BD-4b04-88EB-625FBE52EBFB}</UniqueIdentifier>
      <Extensions>h;hh;hpp;hxx;h++;hm;inl;inc;ipp;xsd</Extensions>
    </Filter>
    <Filter Include="Resource Files">
      <UniqueIdentifier>{67DA6AB6-F800-4c08-8B7A-83BB121AAD01}</UniqueIdentifier>
      <Extensions>rc;ico;cur;bmp;dlg;rc2;rct;bin;rgs;gif;jpg;jpeg;jpe;resx;tiff;tif;png;wav;mfcribbon-ms</Extensions>
    </Filter>
    <Filter Include="Source Files\Quest1">
      <UniqueIdentifier>{99130662-fd31-4ca0-b406-3ded208dd533}</UniqueIdentifier>
    </Filter>
    <Filter Include="Source Files\Quest2">
      <UniqueIdentifier>{e158894c-5e57-4853-ae2a-dae98c2d752d}</UniqueIdentifier>
    </Filter>
    <Filter Include="Source Files\Quest9">
      <UniqueIdentifier>{89f712fc-338f-4457-8a30-5d28ba67bed0}</UniqueIdentifier>
    </Filter>
    <Filter Include="Source Files\Quest8">
      <UniqueIdentifier>{78662629-4caf-4941-8305-efe57f8391aa}</UniqueIdentifier>
    </Filter>
    <Filter Include="Source Files\Quest7">
      <UniqueIdentifier>{24e9b429-b398-4df0-8f8c-f93b4513d678}</UniqueIdentifier>
    </Filter>
    <Filter Include="Source Files\Quest6">
      <UniqueIdentifier>{a692d776-e837-4d1b-8ae7-d9c1f67c7ead}</UniqueIdentifier>
    </Filter>
    <Filter Include="Source Files\Quest5">
      <UniqueIdentifier>{9a33ea3f-fc79-4aa7-980c-46e2f6f26384}</UniqueIdentifier>
    </Filter>
    <Filter Include="Source Files\Quest4">
      <UniqueIdentifier>{d9f2e792-d261-455f-af78-9dc7ac0c9e56}</UniqueIdentifier>
    </Filter>
    <Filter Include="Source Files\Quest3">
      <UniqueIdentifier>{06f14cd1-4980-4abd-9d26-dee56f5cdabd}</UniqueIdentifier>
    </Filter>
    <Filter Include="Source Files\Quest10">
      <UniqueIdentifier>{b9b3f223-4927-4175-acf8-9f1d21610d58}</UniqueIdentifier>
    </Filter>
  </ItemGroup>
  <ItemGroup>
    <ClCompile Include="Quest01\quest1.cpp">
      <Filter>Source Files\Quest1</Filter>
    </ClCompile>
    <ClCompile Include="Quest02\quest2.cpp">
      <Filter>Source Files\Quest2</Filter>
    </ClCompile>
    <ClCompile Include="Quest03\quest3.cpp">
      <Filter>Source Files\Quest3</Filter>
    </ClCompile>
    <ClCompile Include="Quest04\quest4.cpp">
      <Filter>Source Files\Quest4</Filter>
    </ClCompile>
    <ClCompile Include="Quest05\quest5.cpp">
      <Filter>Source Files\Quest5</Filter>
    </ClCompile>
    <ClCompile Include="Quest06\quest6.cpp">
      <Filter>Source Files\Quest6</Filter>
    </ClCompile>
    <ClCompile Include="Quest07\quest7.cpp">
      <Filter>Source Files\Quest7</Filter>
    </ClCompile>
    <ClCompile Include="Quest08\quest8.cpp">
      <Filter>Source Files\Quest8</Filter>
    </ClCompile>
    <ClCompile Include="Quest09\quest9.cpp">
      <Filter>Source Files\Quest9</Filter>
    </ClCompile>
    <ClCompile Include="Quest10\quest10.cpp">
      <Filter>Source Files\Quest10</Filter>
    </ClCompile>
    <ClCompile Include="Quest11\quest11.cpp">
      <Filter>Source Files</Filter>
    </ClCompile>
  </ItemGroup>
  <ItemGroup>
    <Text Include="Quest01\input1A.txt">
      <Filter>Source Files\Quest1</Filter>
    </Text>
    <Text Include="Quest01\input1B.txt">
      <Filter>Source Files\Quest1</Filter>
    </Text>
    <Text Include="Quest01\input1C.txt">
      <Filter>Source Files\Quest1</Filter>
    </Text>
    <Text Include="Quest02\input2A.txt">
      <Filter>Source Files\Quest2</Filter>
    </Text>
    <Text Include="Quest02\input2B.txt">
      <Filter>Source Files\Quest2</Filter>
    </Text>
    <Text Include="Quest02\input2C.txt">
      <Filter>Source Files\Quest2</Filter>
    </Text>
    <Text Include="Quest03\input3C.txt">
      <Filter>Source Files\Quest3</Filter>
    </Text>
    <Text Include="Quest03\input3A.txt">
      <Filter>Source Files\Quest3</Filter>
    </Text>
    <Text Include="Quest03\input3B.txt">
      <Filter>Source Files\Quest3</Filter>
    </Text>
    <Text Include="Quest04\input4A.txt">
      <Filter>Source Files\Quest4</Filter>
    </Text>
    <Text Include="Quest04\input4B.txt">
      <Filter>Source Files\Quest4</Filter>
    </Text>
    <Text Include="Quest04\input4C.txt">
      <Filter>Source Files\Quest4</Filter>
    </Text>
    <Text Include="Quest05\input5C.txt">
      <Filter>Source Files\Quest5</Filter>
    </Text>
    <Text Include="Quest05\input5A.txt">
      <Filter>Source Files\Quest5</Filter>
    </Text>
    <Text Include="Quest05\input5B.txt">
      <Filter>Source Files\Quest5</Filter>
    </Text>
    <Text Include="Quest06\input6C.txt">
      <Filter>Source Files\Quest6</Filter>
    </Text>
    <Text Include="Quest06\input6A.txt">
      <Filter>Source Files\Quest6</Filter>
    </Text>
    <Text Include="Quest06\input6B.txt">
      <Filter>Source Files\Quest6</Filter>
    </Text>
    <Text Include="Quest07\input7C.txt">
      <Filter>Source Files\Quest7</Filter>
    </Text>
    <Text Include="Quest07\input7A.txt">
      <Filter>Source Files\Quest7</Filter>
    </Text>
    <Text Include="Quest07\input7B.txt">
      <Filter>Source Files\Quest7</Filter>
    </Text>
    <Text Include="Quest08\input8C.txt">
      <Filter>Source Files\Quest8</Filter>
    </Text>
    <Text Include="Quest08\input8A.txt">
      <Filter>Source Files\Quest8</Filter>
    </Text>
    <Text Include="Quest08\input8B.txt">
      <Filter>Source Files\Quest8</Filter>
    </Text>
    <Text Include="Quest09\input9C.txt">
      <Filter>Source Files\Quest9</Filter>
    </Text>
    <Text Include="Quest09\input9A.txt">
      <Filter>Source Files\Quest9</Filter>
    </Text>
    <Text Include="Quest09\input9B.txt">
      <Filter>Source Files\Quest9</Filter>
    </Text>
    <Text Include="Quest10\input10A.txt">
      <Filter>Source Files\Quest10</Filter>
    </Text>
    <Text Include="Quest10\input10B.txt">
      <Filter>Source Files\Quest10</Filter>
    </Text>
    <Text Include="Quest10\input10C.txt">
      <Filter>Source Files\Quest10</Filter>
    </Text>
    <Text Include="Quest11\input11A.txt" />
    <Text Include="Quest11\input11B.txt" />
    <Text Include="Quest11\input11C.txt" />
  </ItemGroup>
</Project>